
Microsoft Visual Studio Solution File, Format Version 12.00
# Visual Studio Version 17
VisualStudioVersion = 17.1.32210.238
MinimumVisualStudioVersion = 10.0.40219.1
Project("{FAE04EC0-301F-11D3-BF4B-00C04F79EFBC}") = "DogObjectSerialization", "DogObjectSerialization\DogObjectSerialization.csproj", "{A3D82F05-4C60-4E21-ABFB-92B14308179E}"
EndProject
Global
	GlobalSection(SolutionConfigurationPlatforms) = preSolution
		Debug|Any CPU = Debug|Any CPU
		Release|Any CPU = Release|Any CPU
	EndGlobalSection
	GlobalSection(ProjectConfigurationPlatforms) = postSolution
		{A3D82F05-4C60-4E21-ABFB-92B14308179E}.Debug|Any CPU.ActiveCfg = Debug|Any CPU
		{A3D82F05-4C60-4E21-ABFB-92B14308179E}.Debug|Any CPU.Build.0 = Debug|Any CPU
		{A3D82F05-4C60-4E21-ABFB-92B14308179E}.Release|Any CPU.ActiveCfg = Release|Any CPU
		{A3D82F05-4C60-4E21-ABFB-92B14308179E}.Release|Any CPU.Build.0 = Release|Any CPU
	EndGlobalSection
	GlobalSection(SolutionProperties) = preSolution
		HideSolutionNode = FALSE
	EndGlobalSection
	GlobalSection(ExtensibilityGlobals) = postSolution
		SolutionGuid = {843E0642-6525-4C61-9766-8ED33D1C3CE0}
	EndGlobalSection
EndGlobal
