
Microsoft Visual Studio Solution File, Format Version 12.00
# Visual Studio Version 17
VisualStudioVersion = 17.1.32210.238
MinimumVisualStudioVersion = 10.0.40219.1
Project("{FAE04EC0-301F-11D3-BF4B-00C04F79EFBC}") = "PetStore", "PetStore\PetStore.csproj", "{966C8A8D-86FA-4894-8B6D-E14D023EFC15}"
EndProject
Global
	GlobalSection(SolutionConfigurationPlatforms) = preSolution
		Debug|Any CPU = Debug|Any CPU
		Release|Any CPU = Release|Any CPU
	EndGlobalSection
	GlobalSection(ProjectConfigurationPlatforms) = postSolution
		{966C8A8D-86FA-4894-8B6D-E14D023EFC15}.Debug|Any CPU.ActiveCfg = Debug|Any CPU
		{966C8A8D-86FA-4894-8B6D-E14D023EFC15}.Debug|Any CPU.Build.0 = Debug|Any CPU
		{966C8A8D-86FA-4894-8B6D-E14D023EFC15}.Release|Any CPU.ActiveCfg = Release|Any CPU
		{966C8A8D-86FA-4894-8B6D-E14D023EFC15}.Release|Any CPU.Build.0 = Release|Any CPU
	EndGlobalSection
	GlobalSection(SolutionProperties) = preSolution
		HideSolutionNode = FALSE
	EndGlobalSection
	GlobalSection(ExtensibilityGlobals) = postSolution
		SolutionGuid = {7B801461-B589-4417-91B8-2BFC72F4EAB5}
	EndGlobalSection
EndGlobal
